
Microsoft Visual Studio Solution File, Format Version 12.00
# Visual Studio Version 16
VisualStudioVersion = 16.0.32228.343
MinimumVisualStudioVersion = 10.0.40219.1
Project("{FAE04EC0-301F-11D3-BF4B-00C04F79EFBC}") = "Random Number", "Random Number\Random Number.csproj", "{4988D04F-658C-4918-B50C-5F176AD018F1}"
EndProject
Global
	GlobalSection(SolutionConfigurationPlatforms) = preSolution
		Debug|Any CPU = Debug|Any CPU
		Release|Any CPU = Release|Any CPU
	EndGlobalSection
	GlobalSection(ProjectConfigurationPlatforms) = postSolution
		{4988D04F-658C-4918-B50C-5F176AD018F1}.Debug|Any CPU.ActiveCfg = Debug|Any CPU
		{4988D04F-658C-4918-B50C-5F176AD018F1}.Debug|Any CPU.Build.0 = Debug|Any CPU
		{4988D04F-658C-4918-B50C-5F176AD018F1}.Release|Any CPU.ActiveCfg = Release|Any CPU
		{4988D04F-658C-4918-B50C-5F176AD018F1}.Release|Any CPU.Build.0 = Release|Any CPU
	EndGlobalSection
	GlobalSection(SolutionProperties) = preSolution
		HideSolutionNode = FALSE
	EndGlobalSection
	GlobalSection(ExtensibilityGlobals) = postSolution
		SolutionGuid = {03B4B473-CE17-44E3-9D14-090AEC6E61E0}
	EndGlobalSection
EndGlobal
